{
  "meteor": {},
  "dependencies": {
    "basePackages": {
      "huddleobject": {
        "path": "."
      }
    },
    "packages": {
      "huddleobject": {
        "path": "."
      },
      "huddle": {
        "git": "https://github.com/raedle/meteor-huddle.git",
        "tag": "v0.9.3-7",
        "commit": "7abc9682810c5cd418c2f28a31c42b723468e55d"
      },
      "huddlecanvas": {
        "git": "https://github.com/scarrobin/HuddleCanvas.git",
        "tag": "v0.6.6",
        "commit": "dd19144ff77fef13363bcbd721a5e85eeee7c9b3"
      }
    }
  }
}
