{
  "meteor": {},
  "dependencies": {
    "basePackages": {
      "huddlecanvas": {}
    },
    "packages": {
      "huddlecanvas": {
        "git": "https://github.com/scarrobin/HuddleCanvas.git",
        "tag": "v0.6.2",
        "commit": "ea64592edc96cf728cb9980d0e82e87d15a321d7"
      },
      "huddle": {
        "git": "https://github.com/raedle/meteor-huddle.git",
        "tag": "v0.9.3-7",
        "commit": "7abc9682810c5cd418c2f28a31c42b723468e55d"
      }
    }
  }
}
